
Microsoft Visual Studio Solution File, Format Version 12.00
# Visual Studio Version 17
VisualStudioVersion = 17.13.35931.197 d17.13
MinimumVisualStudioVersion = 10.0.40219.1
Project("{FAE04EC0-301F-11D3-BF4B-00C04F79EFBC}") = "FitnessCalendar", "FitnessCalendar.csproj", "{68356E28-0B44-4FA8-A6A1-E9DB046E36BA}"
EndProject
Global
	GlobalSection(SolutionConfigurationPlatforms) = preSolution
		Debug|Any CPU = Debug|Any CPU
		Release|Any CPU = Release|Any CPU
	EndGlobalSection
	GlobalSection(ProjectConfigurationPlatforms) = postSolution
		{68356E28-0B44-4FA8-A6A1-E9DB046E36BA}.Debug|Any CPU.ActiveCfg = Debug|Any CPU
		{68356E28-0B44-4FA8-A6A1-E9DB046E36BA}.Debug|Any CPU.Build.0 = Debug|Any CPU
		{68356E28-0B44-4FA8-A6A1-E9DB046E36BA}.Release|Any CPU.ActiveCfg = Release|Any CPU
		{68356E28-0B44-4FA8-A6A1-E9DB046E36BA}.Release|Any CPU.Build.0 = Release|Any CPU
	EndGlobalSection
	GlobalSection(SolutionProperties) = preSolution
		HideSolutionNode = FALSE
	EndGlobalSection
	GlobalSection(ExtensibilityGlobals) = postSolution
		SolutionGuid = {A53171ED-E213-4888-9C2A-C4061BC94159}
	EndGlobalSection
EndGlobal
